
Microsoft Visual Studio Solution File, Format Version 12.00
# Visual Studio Version 16
VisualStudioVersion = 16.0.29905.134
MinimumVisualStudioVersion = 10.0.40219.1
Project("{FAE04EC0-301F-11D3-BF4B-00C04F79EFBC}") = "BalancedBinarySearchTree", "BalancedBinarySearchTree\BalancedBinarySearchTree.csproj", "{A7A02849-092D-4849-8293-15D32890ABB4}"
EndProject
Project("{FAE04EC0-301F-11D3-BF4B-00C04F79EFBC}") = "BinarySearchTree", "BinarySearchTree\BinarySearchTree.csproj", "{B7B06DA5-186C-4419-8087-CD31B9F048AB}"
EndProject
Global
	GlobalSection(SolutionConfigurationPlatforms) = preSolution
		Debug|Any CPU = Debug|Any CPU
		Release|Any CPU = Release|Any CPU
	EndGlobalSection
	GlobalSection(ProjectConfigurationPlatforms) = postSolution
		{A7A02849-092D-4849-8293-15D32890ABB4}.Debug|Any CPU.ActiveCfg = Debug|Any CPU
		{A7A02849-092D-4849-8293-15D32890ABB4}.Debug|Any CPU.Build.0 = Debug|Any CPU
		{A7A02849-092D-4849-8293-15D32890ABB4}.Release|Any CPU.ActiveCfg = Release|Any CPU
		{A7A02849-092D-4849-8293-15D32890ABB4}.Release|Any CPU.Build.0 = Release|Any CPU
		{B7B06DA5-186C-4419-8087-CD31B9F048AB}.Debug|Any CPU.ActiveCfg = Debug|Any CPU
		{B7B06DA5-186C-4419-8087-CD31B9F048AB}.Debug|Any CPU.Build.0 = Debug|Any CPU
		{B7B06DA5-186C-4419-8087-CD31B9F048AB}.Release|Any CPU.ActiveCfg = Release|Any CPU
		{B7B06DA5-186C-4419-8087-CD31B9F048AB}.Release|Any CPU.Build.0 = Release|Any CPU
	EndGlobalSection
	GlobalSection(SolutionProperties) = preSolution
		HideSolutionNode = FALSE
	EndGlobalSection
	GlobalSection(ExtensibilityGlobals) = postSolution
		SolutionGuid = {A25A9872-7D85-4CB4-BDA0-AB99339CAF78}
	EndGlobalSection
EndGlobal
